
Microsoft Visual Studio Solution File, Format Version 12.00
# Visual Studio Version 17
VisualStudioVersion = 17.10.35122.118
MinimumVisualStudioVersion = 10.0.40219.1
Project("{FAE04EC0-301F-11D3-BF4B-00C04F79EFBC}") = "Calculator", "Calculator\Calculator.csproj", "{5B57E7E0-4AE0-418B-8518-50322B93E2C6}"
EndProject
Global
	GlobalSection(SolutionConfigurationPlatforms) = preSolution
		Debug|Any CPU = Debug|Any CPU
		Release|Any CPU = Release|Any CPU
	EndGlobalSection
	GlobalSection(ProjectConfigurationPlatforms) = postSolution
		{5B57E7E0-4AE0-418B-8518-50322B93E2C6}.Debug|Any CPU.ActiveCfg = Debug|Any CPU
		{5B57E7E0-4AE0-418B-8518-50322B93E2C6}.Debug|Any CPU.Build.0 = Debug|Any CPU
		{5B57E7E0-4AE0-418B-8518-50322B93E2C6}.Release|Any CPU.ActiveCfg = Release|Any CPU
		{5B57E7E0-4AE0-418B-8518-50322B93E2C6}.Release|Any CPU.Build.0 = Release|Any CPU
	EndGlobalSection
	GlobalSection(SolutionProperties) = preSolution
		HideSolutionNode = FALSE
	EndGlobalSection
	GlobalSection(ExtensibilityGlobals) = postSolution
		SolutionGuid = {BABF300F-23A8-4E72-87BA-B99CFF136C0C}
	EndGlobalSection
EndGlobal
